{
  "name": "@fractality/web",
  "version": "0.3.2",
  "lockfileVersion": 3,
  "requires": true,
  "packages": {
    "": {
      "name": "@fractality/web",
      "version": "0.3.2",
      "license": "MIT",
      "dependencies": {
        "@fractality/core": "workspace:*",
        "anymatch": "^3.1.3",
        "browser-sync": "^3.0.2",
        "chokidar": "^4.0.0",
        "express": "^4.21.0",
        "fs-extra": "^11.2.0",
        "get-port": "^7.1.0",
        "js-yaml": "^4.1.0",
        "lodash": "^4.17.21",
        "nunjucks": "^3.2.4",
        "path-to-regexp": "^6.3.0",
        "throat": "^6.0.2"
      }
    },
    "../../node_modules/.pnpm/anymatch@3.1.3/node_modules/anymatch": {
      "version": "3.1.3",
      "license": "ISC",
      "dependencies": {
        "normalize-path": "^3.0.0",
        "picomatch": "^2.0.4"
      },
      "devDependencies": {
        "mocha": "^6.1.3",
        "nyc": "^14.0.0"
      },
      "engines": {
        "node": ">= 8"
      }
    },
    "../../node_modules/.pnpm/browser-sync@3.0.2/node_modules/browser-sync": {
      "version": "3.0.2",
      "license": "Apache-2.0",
      "dependencies": {
        "browser-sync-client": "^3.0.2",
        "browser-sync-ui": "^3.0.2",
        "bs-recipes": "1.3.4",
        "chalk": "4.1.2",
        "chokidar": "^3.5.1",
        "connect": "3.6.6",
        "connect-history-api-fallback": "^1",
        "dev-ip": "^1.0.1",
        "easy-extender": "^2.3.4",
        "eazy-logger": "^4.0.1",
        "etag": "^1.8.1",
        "fresh": "^0.5.2",
        "fs-extra": "3.0.1",
        "http-proxy": "^1.18.1",
        "immutable": "^3",
        "micromatch": "^4.0.2",
        "opn": "5.3.0",
        "portscanner": "2.2.0",
        "raw-body": "^2.3.2",
        "resp-modifier": "6.0.2",
        "rx": "4.1.0",
        "send": "0.16.2",
        "serve-index": "1.9.1",
        "serve-static": "1.13.2",
        "server-destroy": "1.0.1",
        "socket.io": "^4.4.1",
        "ua-parser-js": "^1.0.33",
        "yargs": "^17.3.1"
      },
      "bin": {
        "browser-sync": "dist/bin.js"
      },
      "devDependencies": {
        "@types/node": "^8",
        "bs-snippet-injector": "^2.0.1",
        "chai": "^3",
        "generate-changelog": "^1.7.0",
        "graceful-fs": "4.1.9",
        "http2": "^3.3.6",
        "mocha": "^10.2.0",
        "prettier": "^1.9.2",
        "q": "1.4.1",
        "request": "^2",
        "requirejs": "^2.3.5",
        "rimraf": "2.5.4",
        "sinon": "^1",
        "socket.io-client": "^2.4.0",
        "source-map-support": "^0.5.0",
        "strip-ansi": "^6.0.1",
        "supertest": "^3",
        "typescript": "^4.6.2",
        "vinyl": "1.2.0"
      },
      "engines": {
        "node": ">= 8.0.0"
      }
    },
    "../../node_modules/.pnpm/chokidar@3.6.0/node_modules/chokidar": {
      "version": "3.6.0",
      "license": "MIT",
      "dependencies": {
        "anymatch": "~3.1.2",
        "braces": "~3.0.2",
        "glob-parent": "~5.1.2",
        "is-binary-path": "~2.1.0",
        "is-glob": "~4.0.1",
        "normalize-path": "~3.0.0",
        "readdirp": "~3.6.0"
      },
      "devDependencies": {
        "@types/node": "^14",
        "chai": "^4.3",
        "dtslint": "^3.3.0",
        "eslint": "^7.0.0",
        "mocha": "^7.0.0",
        "rimraf": "^3.0.0",
        "sinon": "^9.0.1",
        "sinon-chai": "^3.3.0",
        "typescript": "^4.4.3",
        "upath": "^1.2.0"
      },
      "engines": {
        "node": ">= 8.10.0"
      },
      "funding": {
        "url": "https://paulmillr.com/funding/"
      },
      "optionalDependencies": {
        "fsevents": "~2.3.2"
      }
    },
    "../../node_modules/.pnpm/express@4.19.2/node_modules/express": {
      "version": "4.19.2",
      "license": "MIT",
      "dependencies": {
        "accepts": "~1.3.8",
        "array-flatten": "1.1.1",
        "body-parser": "1.20.2",
        "content-disposition": "0.5.4",
        "content-type": "~1.0.4",
        "cookie": "0.6.0",
        "cookie-signature": "1.0.6",
        "debug": "2.6.9",
        "depd": "2.0.0",
        "encodeurl": "~1.0.2",
        "escape-html": "~1.0.3",
        "etag": "~1.8.1",
        "finalhandler": "1.2.0",
        "fresh": "0.5.2",
        "http-errors": "2.0.0",
        "merge-descriptors": "1.0.1",
        "methods": "~1.1.2",
        "on-finished": "2.4.1",
        "parseurl": "~1.3.3",
        "path-to-regexp": "0.1.7",
        "proxy-addr": "~2.0.7",
        "qs": "6.11.0",
        "range-parser": "~1.2.1",
        "safe-buffer": "5.2.1",
        "send": "0.18.0",
        "serve-static": "1.15.0",
        "setprototypeof": "1.2.0",
        "statuses": "2.0.1",
        "type-is": "~1.6.18",
        "utils-merge": "1.0.1",
        "vary": "~1.1.2"
      },
      "devDependencies": {
        "after": "0.8.2",
        "connect-redis": "3.4.2",
        "cookie-parser": "1.4.6",
        "cookie-session": "2.0.0",
        "ejs": "3.1.9",
        "eslint": "8.47.0",
        "express-session": "1.17.2",
        "hbs": "4.2.0",
        "marked": "0.7.0",
        "method-override": "3.0.0",
        "mocha": "10.2.0",
        "morgan": "1.10.0",
        "nyc": "15.1.0",
        "pbkdf2-password": "1.2.1",
        "supertest": "6.3.0",
        "vhost": "~3.0.2"
      },
      "engines": {
        "node": ">= 0.10.0"
      }
    },
    "../../node_modules/.pnpm/fs-extra@11.2.0/node_modules/fs-extra": {
      "version": "11.2.0",
      "license": "MIT",
      "dependencies": {
        "graceful-fs": "^4.2.0",
        "jsonfile": "^6.0.1",
        "universalify": "^2.0.0"
      },
      "devDependencies": {
        "klaw": "^2.1.1",
        "klaw-sync": "^3.0.2",
        "minimist": "^1.1.1",
        "mocha": "^10.1.0",
        "nyc": "^15.0.0",
        "proxyquire": "^2.0.1",
        "read-dir-files": "^0.1.1",
        "standard": "^17.0.0"
      },
      "engines": {
        "node": ">=14.14"
      }
    },
    "../../node_modules/.pnpm/get-port@7.1.0/node_modules/get-port": {
      "version": "7.1.0",
      "license": "MIT",
      "devDependencies": {
        "@types/node": "^20.2.5",
        "ava": "^5.3.0",
        "tsd": "^0.28.1",
        "xo": "^0.54.2"
      },
      "engines": {
        "node": ">=16"
      },
      "funding": {
        "url": "https://github.com/sponsors/sindresorhus"
      }
    },
    "../../node_modules/.pnpm/globby@14.0.2/node_modules/globby": {
      "version": "14.0.2",
      "license": "MIT",
      "dependencies": {
        "@sindresorhus/merge-streams": "^2.1.0",
        "fast-glob": "^3.3.2",
        "ignore": "^5.2.4",
        "path-type": "^5.0.0",
        "slash": "^5.1.0",
        "unicorn-magic": "^0.1.0"
      },
      "devDependencies": {
        "@globby/main-branch": "sindresorhus/globby#main",
        "@types/node": "^20.9.0",
        "ava": "^5.3.1",
        "benchmark": "2.1.4",
        "glob-stream": "^8.0.0",
        "tempy": "^3.1.0",
        "tsd": "^0.30.4",
        "xo": "^0.57.0"
      },
      "engines": {
        "node": ">=18"
      },
      "funding": {
        "url": "https://github.com/sponsors/sindresorhus"
      }
    },
    "../../node_modules/.pnpm/highlight.js@11.10.0/node_modules/highlight.js": {
      "version": "11.10.0",
      "license": "BSD-3-Clause",
      "devDependencies": {
        "@colors/colors": "^1.6.0",
        "@rollup/plugin-commonjs": "^26.0.1",
        "@rollup/plugin-json": "^6.0.1",
        "@rollup/plugin-node-resolve": "^15.2.3",
        "@types/mocha": "^10.0.2",
        "@typescript-eslint/eslint-plugin": "^7.15.0",
        "@typescript-eslint/parser": "^7.15.0",
        "clean-css": "^5.3.2",
        "cli-table": "^0.3.1",
        "commander": "^12.1.0",
        "css": "^3.0.0",
        "css-color-names": "^1.0.1",
        "deep-freeze-es6": "^3.0.2",
        "del": "^7.1.0",
        "dependency-resolver": "^2.0.1",
        "eslint": "^8.57.0",
        "eslint-config-standard": "^17.1.0",
        "eslint-plugin-import": "^2.28.1",
        "eslint-plugin-node": "^11.1.0",
        "eslint-plugin-promise": "^6.1.1",
        "glob": "^8.1.0",
        "glob-promise": "^6.0.5",
        "handlebars": "^4.7.8",
        "http-server": "^14.1.1",
        "jsdom": "^24.1.0",
        "lodash": "^4.17.20",
        "mocha": "^10.2.0",
        "refa": "^0.4.1",
        "rollup": "^4.0.2",
        "should": "^13.2.3",
        "terser": "^5.21.0",
        "tiny-worker": "^2.3.0",
        "typescript": "^5.2.2",
        "wcag-contrast": "^3.0.0"
      },
      "engines": {
        "node": ">=12.0.0"
      }
    },
    "../../node_modules/.pnpm/istextorbinary@9.5.0/node_modules/istextorbinary": {
      "version": "9.5.0",
      "license": "Artistic-2.0",
      "dependencies": {
        "binaryextensions": "^6.11.0",
        "editions": "^6.21.0",
        "textextensions": "^6.11.0"
      },
      "devDependencies": {
        "@types/node": "^20.10.5",
        "@typescript-eslint/eslint-plugin": "^6.16.0",
        "@typescript-eslint/parser": "^6.16.0",
        "assert-helpers": "^11.12.0",
        "eslint": "^8.56.0",
        "eslint-config-bevry": "^5.3.0",
        "eslint-config-prettier": "^9.1.0",
        "eslint-plugin-prettier": "^5.1.2",
        "filedirname": "^3.3.0",
        "kava": "^7.8.0",
        "make-deno-edition": "^2.2.0",
        "prettier": "^3.1.1",
        "projectz": "^4.1.1",
        "typedoc": "^0.25.4",
        "typescript": "5.3.3",
        "valid-directory": "^4.8.0",
        "valid-module": "^2.6.0"
      },
      "engines": {
        "node": ">=4"
      },
      "funding": {
        "url": "https://bevry.me/fund"
      }
    },
    "../../node_modules/.pnpm/js-yaml@4.1.0/node_modules/js-yaml": {
      "version": "4.1.0",
      "license": "MIT",
      "dependencies": {
        "argparse": "^2.0.1"
      },
      "bin": {
        "js-yaml": "bin/js-yaml.js"
      },
      "devDependencies": {
        "@rollup/plugin-commonjs": "^17.0.0",
        "@rollup/plugin-node-resolve": "^11.0.0",
        "ansi": "^0.3.1",
        "benchmark": "^2.1.4",
        "codemirror": "^5.13.4",
        "eslint": "^7.0.0",
        "fast-check": "^2.8.0",
        "gh-pages": "^3.1.0",
        "mocha": "^8.2.1",
        "nyc": "^15.1.0",
        "rollup": "^2.34.1",
        "rollup-plugin-node-polyfills": "^0.2.1",
        "rollup-plugin-terser": "^7.0.2",
        "shelljs": "^0.8.4"
      }
    },
    "../../node_modules/.pnpm/linguist-languages@7.27.0/node_modules/linguist-languages": {
      "version": "7.27.0",
      "license": "MIT",
      "devDependencies": {
        "@types/node": "18.16.19",
        "camelcase": "7.0.1",
        "del": "7.0.0",
        "jest-snapshot-serializer-raw": "1.2.0",
        "make-dir": "4.0.0",
        "prettier": "3.0.0",
        "typescript": "5.1.6",
        "vite": "4.4.2",
        "vite-node": "0.33.0",
        "yaml": "2.3.1"
      }
    },
    "../../node_modules/.pnpm/lodash@4.17.21/node_modules/lodash": {
      "version": "4.17.21",
      "license": "MIT"
    },
    "../../node_modules/.pnpm/marked-highlight@2.1.4_marked@12.0.2/node_modules/marked-highlight": {
      "version": "2.1.4",
      "license": "MIT",
      "devDependencies": {
        "@babel/core": "^7.25.2",
        "@babel/preset-env": "^7.25.3",
        "@markedjs/eslint-config": "^1.0.1",
        "@semantic-release/changelog": "^6.0.3",
        "@semantic-release/commit-analyzer": "^13.0.0",
        "@semantic-release/git": "^10.0.1",
        "@semantic-release/github": "^10.1.3",
        "@semantic-release/npm": "^12.0.1",
        "@semantic-release/release-notes-generator": "^14.0.1",
        "babel-jest": "^29.7.0",
        "eslint": "^9.8.0",
        "globals": "^15.9.0",
        "highlight.js": "^11.10.0",
        "jest-cli": "^29.7.0",
        "marked": "^14.0.0",
        "pygmentize-bundled": "^2.3.0",
        "rollup": "^4.20.0",
        "semantic-release": "^24.0.0",
        "tsd": "^0.31.1"
      },
      "peerDependencies": {
        "marked": ">=4 <15"
      }
    },
    "../../node_modules/.pnpm/marked-smartypants@1.1.8_marked@12.0.2/node_modules/marked-smartypants": {
      "version": "1.1.8",
      "license": "MIT",
      "dependencies": {
        "smartypants": "^0.2.2"
      },
      "devDependencies": {
        "@markedjs/eslint-config": "^1.0.1",
        "@rollup/plugin-node-resolve": "^15.2.3",
        "@semantic-release/changelog": "^6.0.3",
        "@semantic-release/commit-analyzer": "^13.0.0",
        "@semantic-release/git": "^10.0.1",
        "@semantic-release/github": "^10.1.3",
        "@semantic-release/npm": "^12.0.1",
        "@semantic-release/release-notes-generator": "^14.0.1",
        "cross-env": "^7.0.3",
        "eslint": "^9.8.0",
        "globals": "^15.9.0",
        "jest-cli": "^29.7.0",
        "marked": "^14.0.0",
        "rollup": "^4.20.0",
        "semantic-release": "^24.0.0",
        "tsd": "^0.31.1"
      },
      "peerDependencies": {
        "marked": ">=4 <15"
      }
    },
    "../../node_modules/.pnpm/marked@12.0.2/node_modules/marked": {
      "version": "12.0.2",
      "license": "MIT",
      "bin": {
        "marked": "bin/marked.js"
      },
      "devDependencies": {
        "@arethetypeswrong/cli": "^0.15.3",
        "@markedjs/testutils": "12.0.0-0",
        "@rollup/plugin-terser": "^0.4.4",
        "@rollup/plugin-typescript": "^11.1.6",
        "@semantic-release/commit-analyzer": "^12.0.0",
        "@semantic-release/git": "^10.0.1",
        "@semantic-release/github": "^10.0.3",
        "@semantic-release/npm": "^12.0.0",
        "@semantic-release/release-notes-generator": "^13.0.0",
        "@typescript-eslint/eslint-plugin": "^7.6.0",
        "@typescript-eslint/parser": "^7.4.0",
        "cheerio": "1.0.0-rc.12",
        "commonmark": "0.31.0",
        "cross-env": "^7.0.3",
        "dts-bundle-generator": "^9.3.1",
        "eslint": "^8.57.0",
        "eslint-config-standard": "^17.1.0",
        "eslint-plugin-import": "^2.29.1",
        "eslint-plugin-n": "^16.6.2",
        "eslint-plugin-promise": "^6.1.1",
        "highlight.js": "^11.9.0",
        "markdown-it": "14.1.0",
        "marked-highlight": "^2.1.1",
        "marked-man": "^2.0.0",
        "node-fetch": "^3.3.2",
        "recheck": "^4.4.5",
        "rollup": "^4.14.3",
        "semantic-release": "^23.0.7",
        "titleize": "^4.0.0",
        "ts-expect": "^1.3.0",
        "typescript": "5.4.5"
      },
      "engines": {
        "node": ">= 18"
      }
    },
    "../../node_modules/.pnpm/minimist@1.2.8/node_modules/minimist": {
      "version": "1.2.8",
      "license": "MIT",
      "devDependencies": {
        "@ljharb/eslint-config": "^21.0.1",
        "aud": "^2.0.2",
        "auto-changelog": "^2.4.0",
        "eslint": "=8.8.0",
        "in-publish": "^2.0.1",
        "npmignore": "^0.3.0",
        "nyc": "^10.3.2",
        "safe-publish-latest": "^2.0.0",
        "tape": "^5.6.3"
      },
      "funding": {
        "url": "https://github.com/sponsors/ljharb"
      }
    },
    "../../node_modules/.pnpm/mixwith@0.1.1/node_modules/mixwith": {
      "version": "0.1.1",
      "license": "Apache-2.0",
      "devDependencies": {
        "babel-plugin-transform-es2015-modules-umd": "^6.1.18",
        "chai": "^3.4.1",
        "event-stream": "^3.3.2",
        "gulp": "^3.9.0",
        "gulp-babel": "^6.1.0"
      }
    },
    "../../node_modules/.pnpm/mock-argv@4.0.0/node_modules/mock-argv": {
      "version": "4.0.0",
      "dev": true,
      "license": "MIT",
      "devDependencies": {
        "@dword-design/base": "^11.0.6"
      },
      "engines": {
        "node": ">=18"
      },
      "funding": {
        "url": "https://github.com/sponsors/dword-design"
      }
    },
    "../../node_modules/.pnpm/mock-fs@5.2.0/node_modules/mock-fs": {
      "version": "5.2.0",
      "dev": true,
      "license": "MIT",
      "devDependencies": {
        "chai": "^4.3.4",
        "eslint": "^8.21.0",
        "eslint-config-tschaub": "^14.1.2",
        "mocha": "^9.2.2",
        "rimraf": "^3.0.2",
        "semver": "^7.3.5"
      },
      "engines": {
        "node": ">=12.0.0"
      }
    },
    "../../node_modules/.pnpm/nunjucks@3.2.4_chokidar@3.6.0/node_modules/nunjucks": {
      "version": "3.2.4",
      "license": "BSD-2-Clause",
      "dependencies": {
        "a-sync-waterfall": "^1.0.0",
        "asap": "^2.0.3",
        "commander": "^5.1.0"
      },
      "bin": {
        "nunjucks-precompile": "bin/precompile"
      },
      "devDependencies": {
        "@babel/cli": "^7.0.0-beta.38",
        "@babel/core": "^7.0.0-beta.38",
        "@babel/preset-env": "^7.0.0-beta.38",
        "@babel/register": "^7.0.0-beta.38",
        "babel-loader": "^8.0.0-beta.0",
        "babel-plugin-istanbul": "^4.1.5",
        "babel-plugin-module-resolver": "3.0.0-beta.5",
        "connect": "^3.6.5",
        "core-js": "^2.5.3",
        "cross-env": "^5.1.3",
        "eslint": "^4.13.0",
        "eslint-config-airbnb-base": "^12.1.0",
        "eslint-plugin-import": "^2.8.0",
        "expect.js": "*",
        "express": "4.x",
        "fs-extra": "^5.0.0",
        "get-port": "^3.2.0",
        "mocha": "< 8.x",
        "mocha-phantomjs-core": "^2.1.2",
        "mocha-phantomjs-istanbul": "0.0.2",
        "module-alias": "^2.0.3",
        "node-libs-browser": "^0.7.0",
        "nyc": "^11.4.1",
        "phantomjs-prebuilt": "^2.1.16",
        "serve-static": "^1.13.1",
        "supertest": "*",
        "uglify-js": "^2.8.29",
        "uglifyjs-webpack-plugin": "^1.1.6",
        "webpack": "^3.10.0"
      },
      "engines": {
        "node": ">= 6.9.0"
      },
      "peerDependencies": {
        "chokidar": "^3.3.0"
      },
      "peerDependenciesMeta": {
        "chokidar": {
          "optional": true
        }
      }
    },
    "../../node_modules/.pnpm/path-to-regexp@6.2.2/node_modules/path-to-regexp": {
      "version": "6.2.2",
      "license": "MIT",
      "devDependencies": {
        "@borderless/ts-scripts": "^0.15.0",
        "@size-limit/preset-small-lib": "^11.1.2",
        "@types/node": "^20.4.9",
        "@types/semver": "^7.3.1",
        "semver": "^7.3.5",
        "size-limit": "^11.1.2",
        "typescript": "^5.1.6"
      }
    },
    "../../node_modules/.pnpm/readable-stream@4.5.2/node_modules/readable-stream": {
      "version": "4.5.2",
      "license": "MIT",
      "dependencies": {
        "abort-controller": "^3.0.0",
        "buffer": "^6.0.3",
        "events": "^3.3.0",
        "process": "^0.11.10",
        "string_decoder": "^1.3.0"
      },
      "devDependencies": {
        "@babel/core": "^7.17.10",
        "@babel/plugin-proposal-nullish-coalescing-operator": "^7.16.7",
        "@babel/plugin-proposal-optional-chaining": "^7.16.7",
        "@rollup/plugin-commonjs": "^22.0.0",
        "@rollup/plugin-inject": "^4.0.4",
        "@rollup/plugin-node-resolve": "^13.3.0",
        "@sinonjs/fake-timers": "^9.1.2",
        "browserify": "^17.0.0",
        "c8": "^7.11.2",
        "esbuild": "^0.19.9",
        "esbuild-plugin-alias": "^0.2.1",
        "eslint": "^8.15.0",
        "eslint-config-standard": "^17.0.0",
        "eslint-plugin-import": "^2.26.0",
        "eslint-plugin-n": "^15.2.0",
        "eslint-plugin-promise": "^6.0.0",
        "playwright": "^1.21.1",
        "prettier": "^2.6.2",
        "rollup": "^2.72.1",
        "rollup-plugin-polyfill-node": "^0.9.0",
        "tap": "^16.2.0",
        "tap-mocha-reporter": "^5.0.3",
        "tape": "^5.5.3",
        "tar": "^6.1.11",
        "undici": "^5.1.1",
        "webpack": "^5.72.1",
        "webpack-cli": "^4.9.2"
      },
      "engines": {
        "node": "^12.22.0 || ^14.17.0 || >=16.0.0"
      }
    },
    "../../node_modules/.pnpm/throat@6.0.2/node_modules/throat": {
      "version": "6.0.2",
      "license": "MIT",
      "devDependencies": {
        "coveralls": "^3.0.0",
        "istanbul": "^0.4.5",
        "jest": "^22.1.4",
        "promise": "^8.0.0",
        "sauce-test": "^1.0.0",
        "test-result": "^2.0.0",
        "testit": "^3.1.0",
        "typescript": "^3.4.5"
      }
    },
    "../core": {
      "name": "@fractality/core",
      "version": "0.5.0",
      "license": "MIT",
      "dependencies": {
        "anymatch": "^3.1.3",
        "chokidar": "^3.6.0",
        "fs-extra": "^11.2.0",
        "globby": "^14.0.2",
        "highlight.js": "^11.10.0",
        "istextorbinary": "^9.5.0",
        "js-yaml": "^4.1.0",
        "linguist-languages": "^7.27.0",
        "lodash": "^4.17.21",
        "marked": "^12.0.2",
        "marked-highlight": "^2.1.4",
        "marked-smartypants": "^1.1.8",
        "minimist": "^1.2.8",
        "mixwith": "^0.1.1",
        "readable-stream": "^4.5.2"
      },
      "devDependencies": {
        "mock-argv": "^4.0.0",
        "mock-fs": "^5.2.0"
      }
    },
    "../core/node_modules/anymatch": {
      "resolved": "../../node_modules/.pnpm/anymatch@3.1.3/node_modules/anymatch",
      "link": true
    },
    "../core/node_modules/chokidar": {
      "resolved": "../../node_modules/.pnpm/chokidar@3.6.0/node_modules/chokidar",
      "link": true
    },
    "../core/node_modules/fs-extra": {
      "resolved": "../../node_modules/.pnpm/fs-extra@11.2.0/node_modules/fs-extra",
      "link": true
    },
    "../core/node_modules/globby": {
      "resolved": "../../node_modules/.pnpm/globby@14.0.2/node_modules/globby",
      "link": true
    },
    "../core/node_modules/highlight.js": {
      "resolved": "../../node_modules/.pnpm/highlight.js@11.10.0/node_modules/highlight.js",
      "link": true
    },
    "../core/node_modules/istextorbinary": {
      "resolved": "../../node_modules/.pnpm/istextorbinary@9.5.0/node_modules/istextorbinary",
      "link": true
    },
    "../core/node_modules/js-yaml": {
      "resolved": "../../node_modules/.pnpm/js-yaml@4.1.0/node_modules/js-yaml",
      "link": true
    },
    "../core/node_modules/linguist-languages": {
      "resolved": "../../node_modules/.pnpm/linguist-languages@7.27.0/node_modules/linguist-languages",
      "link": true
    },
    "../core/node_modules/lodash": {
      "resolved": "../../node_modules/.pnpm/lodash@4.17.21/node_modules/lodash",
      "link": true
    },
    "../core/node_modules/marked": {
      "resolved": "../../node_modules/.pnpm/marked@12.0.2/node_modules/marked",
      "link": true
    },
    "../core/node_modules/marked-highlight": {
      "resolved": "../../node_modules/.pnpm/marked-highlight@2.1.4_marked@12.0.2/node_modules/marked-highlight",
      "link": true
    },
    "../core/node_modules/marked-smartypants": {
      "resolved": "../../node_modules/.pnpm/marked-smartypants@1.1.8_marked@12.0.2/node_modules/marked-smartypants",
      "link": true
    },
    "../core/node_modules/minimist": {
      "resolved": "../../node_modules/.pnpm/minimist@1.2.8/node_modules/minimist",
      "link": true
    },
    "../core/node_modules/mixwith": {
      "resolved": "../../node_modules/.pnpm/mixwith@0.1.1/node_modules/mixwith",
      "link": true
    },
    "../core/node_modules/mock-argv": {
      "resolved": "../../node_modules/.pnpm/mock-argv@4.0.0/node_modules/mock-argv",
      "link": true
    },
    "../core/node_modules/mock-fs": {
      "resolved": "../../node_modules/.pnpm/mock-fs@5.2.0/node_modules/mock-fs",
      "link": true
    },
    "../core/node_modules/readable-stream": {
      "resolved": "../../node_modules/.pnpm/readable-stream@4.5.2/node_modules/readable-stream",
      "link": true
    },
    "node_modules/@fractality/core": {
      "resolved": "../core",
      "link": true
    },
    "node_modules/anymatch": {
      "resolved": "../../node_modules/.pnpm/anymatch@3.1.3/node_modules/anymatch",
      "link": true
    },
    "node_modules/browser-sync": {
      "resolved": "../../node_modules/.pnpm/browser-sync@3.0.2/node_modules/browser-sync",
      "link": true
    },
    "node_modules/chokidar": {
      "resolved": "../../node_modules/.pnpm/chokidar@3.6.0/node_modules/chokidar",
      "link": true
    },
    "node_modules/express": {
      "resolved": "../../node_modules/.pnpm/express@4.19.2/node_modules/express",
      "link": true
    },
    "node_modules/fs-extra": {
      "resolved": "../../node_modules/.pnpm/fs-extra@11.2.0/node_modules/fs-extra",
      "link": true
    },
    "node_modules/get-port": {
      "resolved": "../../node_modules/.pnpm/get-port@7.1.0/node_modules/get-port",
      "link": true
    },
    "node_modules/js-yaml": {
      "resolved": "../../node_modules/.pnpm/js-yaml@4.1.0/node_modules/js-yaml",
      "link": true
    },
    "node_modules/lodash": {
      "resolved": "../../node_modules/.pnpm/lodash@4.17.21/node_modules/lodash",
      "link": true
    },
    "node_modules/nunjucks": {
      "resolved": "../../node_modules/.pnpm/nunjucks@3.2.4_chokidar@3.6.0/node_modules/nunjucks",
      "link": true
    },
    "node_modules/path-to-regexp": {
      "resolved": "../../node_modules/.pnpm/path-to-regexp@6.2.2/node_modules/path-to-regexp",
      "link": true
    },
    "node_modules/throat": {
      "resolved": "../../node_modules/.pnpm/throat@6.0.2/node_modules/throat",
      "link": true
    }
  }
}
